# THIS IS AN AUTOGENERATED FILE. DO NOT EDIT THIS FILE DIRECTLY.
# yarn lockfile v1


async-limiter@~1.0.0:
  version "1.0.0"
  resolved "https://registry.yarnpkg.com/async-limiter/-/async-limiter-1.0.0.tgz#78faed8c3d074ab81f22b4e985d79e8738f720f8"
  integrity sha512-jp/uFnooOiO+L211eZOoSyzpOITMXx1rBITauYykG3BRYPu8h0UcxsPNB04RR5vo4Tyz3+ay17tR6JVf9qzYWg==

ws@^6.1.4:
  version "6.1.4"
  resolved "https://registry.yarnpkg.com/ws/-/ws-6.1.4.tgz#5b5c8800afab925e94ccb29d153c8d02c1776ef9"
  integrity sha512-eqZfL+NE/YQc1/ZynhojeV8q+H050oR8AZ2uIev7RU10svA9ZnJUddHcOUZTJLinZ9yEfdA2kSATS2qZK5fhJA==
  dependencies:
    async-limiter "~1.0.0"

xterm@^3.11.0:
  version "3.11.0"
  resolved "https://registry.yarnpkg.com/xterm/-/xterm-3.11.0.tgz#2c10da3e965db9170430aa7b68f8965de3ff004d"
  integrity sha512-VB9+s2Fhig31pNBkbxPnz+/wdCvxdQ6JQ0HZmWDwpULV8iAggzxoyUonB4FR+WW3lj0LNVb/ZaD64rxbw+HB4A==
