# THIS IS AN AUTOGENERATED FILE. DO NOT EDIT THIS FILE DIRECTLY.
# yarn lockfile v1


qrcode-terminal@^0.12.0:
  version "0.12.0"
  resolved "https://registry.yarnpkg.com/qrcode-terminal/-/qrcode-terminal-0.12.0.tgz#bb5b699ef7f9f0505092a3748be4464fe71b5819"
  integrity sha512-EXtzRZmC+YGmGlDFbXKxQiMZNwCLEO6BANKXG4iCtSIM0yqc/pappSx3RIKr4r0uh5JsBckOXeKrB3Iz7mdQpQ==

terminal.js@^1.0.10:
  version "1.0.10"
  resolved "https://registry.yarnpkg.com/terminal.js/-/terminal.js-1.0.10.tgz#8faade2699e854874a43016590fdf5b5d34fc3c0"
  integrity sha1-j6reJpnoVIdKQwFlkP31tdNPw8A=

ws@^7.4.6:
  version "7.4.6"
  resolved "https://registry.yarnpkg.com/ws/-/ws-7.4.6.tgz#5654ca8ecdeee47c33a9a4bf6d28e2be2980377c"
  integrity sha512-YmhHDO4MzaDLB+M9ym/mDA5z0naX8j7SIlT8f8z+I0VtzsRbekxEutHSme7NPS2qE8StCYQNUnfWdXta/Yu85A==

xterm@^3.11.0:
  version "3.11.0"
  resolved "https://registry.yarnpkg.com/xterm/-/xterm-3.11.0.tgz#2c10da3e965db9170430aa7b68f8965de3ff004d"
  integrity sha512-VB9+s2Fhig31pNBkbxPnz+/wdCvxdQ6JQ0HZmWDwpULV8iAggzxoyUonB4FR+WW3lj0LNVb/ZaD64rxbw+HB4A==
